// !$*UTF8*$!
{
	archiveVersion = 1;
	classes = {
	};
	objectVersion = 46;
	objects = {

/* Begin PBXBuildFile section */
		1092F38A18FDBDBD0019DFC2 /* AVFoundation.framework in Frameworks */ = {isa = PBXBuildFile; fileRef = 1092F38918FDBDBD0019DFC2 /* AVFoundation.framework */; };
		1092F38E18FDC6C30019DFC2 /* risada.m4a in Resources */ = {isa = PBXBuildFile; fileRef = 1092F38D18FDC6C30019DFC2 /* risada.m4a */; };
		A47A873C18F8693000AA2467 /* bat4.png in Resources */ = {isa = PBXBuildFile; fileRef = A47A873818F8693000AA2467 /* bat4.png */; };
		A47A873D18F8693000AA2467 /* bat3.png in Resources */ = {isa = PBXBuildFile; fileRef = A47A873918F8693000AA2467 /* bat3.png */; };
		A47A873E18F8693000AA2467 /* bat2.png in Resources */ = {isa = PBXBuildFile; fileRef = A47A873A18F8693000AA2467 /* bat2.png */; };
		A47A873F18F8693000AA2467 /* bat1.png in Resources */ = {isa = PBXBuildFile; fileRef = A47A873B18F8693000AA2467 /* bat1.png */; };
		A4E40EFE18F5B94A002E63E9 /* Foundation.framework in Frameworks */ = {isa = PBXBuildFile; fileRef = A4E40EFD18F5B94A002E63E9 /* Foundation.framework */; };
		A4E40F0018F5B94A002E63E9 /* CoreGraphics.framework in Frameworks */ = {isa = PBXBuildFile; fileRef = A4E40EFF18F5B94A002E63E9 /* CoreGraphics.framework */; };
		A4E40F0218F5B94A002E63E9 /* UIKit.framework in Frameworks */ = {isa = PBXBuildFile; fileRef = A4E40F0118F5B94A002E63E9 /* UIKit.framework */; };
		A4E40F0418F5B94A002E63E9 /* SpriteKit.framework in Frameworks */ = {isa = PBXBuildFile; fileRef = A4E40F0318F5B94A002E63E9 /* SpriteKit.framework */; };
		A4E40F0A18F5B94A002E63E9 /* InfoPlist.strings in Resources */ = {isa = PBXBuildFile; fileRef = A4E40F0818F5B94A002E63E9 /* InfoPlist.strings */; };
		A4E40F0C18F5B94A002E63E9 /* main.m in Sources */ = {isa = PBXBuildFile; fileRef = A4E40F0B18F5B94A002E63E9 /* main.m */; };
		A4E40F1018F5B94A002E63E9 /* AppDelegate.m in Sources */ = {isa = PBXBuildFile; fileRef = A4E40F0F18F5B94A002E63E9 /* AppDelegate.m */; };
		A4E40F1318F5B94A002E63E9 /* Main_iPhone.storyboard in Resources */ = {isa = PBXBuildFile; fileRef = A4E40F1118F5B94A002E63E9 /* Main_iPhone.storyboard */; };
		A4E40F1618F5B94A002E63E9 /* Main_iPad.storyboard in Resources */ = {isa = PBXBuildFile; fileRef = A4E40F1418F5B94A002E63E9 /* Main_iPad.storyboard */; };
		A4E40F1918F5B94A002E63E9 /* ViewController.m in Sources */ = {isa = PBXBuildFile; fileRef = A4E40F1818F5B94A002E63E9 /* ViewController.m */; };
		A4E40F1C18F5B94A002E63E9 /* Scene.m in Sources */ = {isa = PBXBuildFile; fileRef = A4E40F1B18F5B94A002E63E9 /* Scene.m */; };
		A4E40F2018F5B94A002E63E9 /* Images.xcassets in Resources */ = {isa = PBXBuildFile; fileRef = A4E40F1F18F5B94A002E63E9 /* Images.xcassets */; };
		A4E40F2718F5B94A002E63E9 /* XCTest.framework in Frameworks */ = {isa = PBXBuildFile; fileRef = A4E40F2618F5B94A002E63E9 /* XCTest.framework */; };
		A4E40F2818F5B94A002E63E9 /* Foundation.framework in Frameworks */ = {isa = PBXBuildFile; fileRef = A4E40EFD18F5B94A002E63E9 /* Foundation.framework */; };
		A4E40F2918F5B94A002E63E9 /* UIKit.framework in Frameworks */ = {isa = PBXBuildFile; fileRef = A4E40F0118F5B94A002E63E9 /* UIKit.framework */; };
		A4E40F3118F5B94A002E63E9 /* InfoPlist.strings in Resources */ = {isa = PBXBuildFile; fileRef = A4E40F2F18F5B94A002E63E9 /* InfoPlist.strings */; };
		A4E40F3318F5B94A002E63E9 /* dragonscaveTests.m in Sources */ = {isa = PBXBuildFile; fileRef = A4E40F3218F5B94A002E63E9 /* dragonscaveTests.m */; };
		A4E40F4018F5BAD4002E63E9 /* SKScrollingNode.m in Sources */ = {isa = PBXBuildFile; fileRef = A4E40F3D18F5BAD4002E63E9 /* SKScrollingNode.m */; };
		A4E40F4118F5BAD4002E63E9 /* DragonNode.m in Sources */ = {isa = PBXBuildFile; fileRef = A4E40F3F18F5BAD4002E63E9 /* DragonNode.m */; };
		A4E40F4418F5BAE5002E63E9 /* Math.m in Sources */ = {isa = PBXBuildFile; fileRef = A4E40F4318F5BAE5002E63E9 /* Math.m */; };
		A4E40F6518F5BD8F002E63E9 /* medal_silver@2x.png in Resources */ = {isa = PBXBuildFile; fileRef = A4E40F4718F5BD8F002E63E9 /* medal_silver@2x.png */; };
		A4E40F6618F5BD8F002E63E9 /* medal_gold@2x.png in Resources */ = {isa = PBXBuildFile; fileRef = A4E40F4818F5BD8F002E63E9 /* medal_gold@2x.png */; };
		A4E40F6718F5BD8F002E63E9 /* medal_bronze@2x.png in Resources */ = {isa = PBXBuildFile; fileRef = A4E40F4918F5BD8F002E63E9 /* medal_bronze@2x.png */; };
		A4E40F6818F5BD8F002E63E9 /* cave2@2x.png in Resources */ = {isa = PBXBuildFile; fileRef = A4E40F4A18F5BD8F002E63E9 /* cave2@2x.png */; };
		A4E40F6C18F5BD8F002E63E9 /* back@2x.png in Resources */ = {isa = PBXBuildFile; fileRef = A4E40F4E18F5BD8F002E63E9 /* back@2x.png */; };
		A4E40F6E18F5BD8F002E63E9 /* medal_plate@2x.png in Resources */ = {isa = PBXBuildFile; fileRef = A4E40F5018F5BD8F002E63E9 /* medal_plate@2x.png */; };
		A4E40F6F18F5BD8F002E63E9 /* game_over@2x.png in Resources */ = {isa = PBXBuildFile; fileRef = A4E40F5118F5BD8F002E63E9 /* game_over@2x.png */; };
		A4E40F7018F5BD8F002E63E9 /* fogo2@2x.png in Resources */ = {isa = PBXBuildFile; fileRef = A4E40F5218F5BD8F002E63E9 /* fogo2@2x.png */; };
		A4E40F7118F5BD8F002E63E9 /* medal_platinum@2x.png in Resources */ = {isa = PBXBuildFile; fileRef = A4E40F5318F5BD8F002E63E9 /* medal_platinum@2x.png */; };
		A4E40F7218F5BD8F002E63E9 /* taptap@2x.png in Resources */ = {isa = PBXBuildFile; fileRef = A4E40F5418F5BD8F002E63E9 /* taptap@2x.png */; };
		A4E40F7318F5BD8F002E63E9 /* get_ready@2x.png in Resources */ = {isa = PBXBuildFile; fileRef = A4E40F5518F5BD8F002E63E9 /* get_ready@2x.png */; };
		A4E40F7418F5BD8F002E63E9 /* floor4@2x.png in Resources */ = {isa = PBXBuildFile; fileRef = A4E40F5618F5BD8F002E63E9 /* floor4@2x.png */; };
		A4E40F7518F5BD8F002E63E9 /* floor2.png in Resources */ = {isa = PBXBuildFile; fileRef = A4E40F5718F5BD8F002E63E9 /* floor2.png */; };
		A4E40F7618F5BD8F002E63E9 /* dragon_1.png in Resources */ = {isa = PBXBuildFile; fileRef = A4E40F5818F5BD8F002E63E9 /* dragon_1.png */; };
		A4E40F7718F5BD8F002E63E9 /* dragon_2.png in Resources */ = {isa = PBXBuildFile; fileRef = A4E40F5918F5BD8F002E63E9 /* dragon_2.png */; };
		A4E40F7818F5BD8F002E63E9 /* dragon_3.png in Resources */ = {isa = PBXBuildFile; fileRef = A4E40F5A18F5BD8F002E63E9 /* dragon_3.png */; };
		A4E40F7918F5BD8F002E63E9 /* dragao1.png in Resources */ = {isa = PBXBuildFile; fileRef = A4E40F5B18F5BD8F002E63E9 /* dragao1.png */; };
		A4E40F7A18F5BD8F002E63E9 /* dragao2.png in Resources */ = {isa = PBXBuildFile; fileRef = A4E40F5C18F5BD8F002E63E9 /* dragao2.png */; };
		A4E40F7B18F5BD8F002E63E9 /* dragao3.png in Resources */ = {isa = PBXBuildFile; fileRef = A4E40F5D18F5BD8F002E63E9 /* dragao3.png */; };
		A4E40F7C18F5BD8F002E63E9 /* dragao_icon.png in Resources */ = {isa = PBXBuildFile; fileRef = A4E40F5E18F5BD8F002E63E9 /* dragao_icon.png */; };
		A4E40F7D18F5BD8F002E63E9 /* floor@2x.png in Resources */ = {isa = PBXBuildFile; fileRef = A4E40F5F18F5BD8F002E63E9 /* floor@2x.png */; };
		A4E40F7E18F5BD8F002E63E9 /* dragon3.png in Resources */ = {isa = PBXBuildFile; fileRef = A4E40F6018F5BD8F002E63E9 /* dragon3.png */; };
		A4E40F7F18F5BD8F002E63E9 /* dragon2.png in Resources */ = {isa = PBXBuildFile; fileRef = A4E40F6118F5BD8F002E63E9 /* dragon2.png */; };
		A4E40F8018F5BD8F002E63E9 /* dragon.png in Resources */ = {isa = PBXBuildFile; fileRef = A4E40F6218F5BD8F002E63E9 /* dragon.png */; };
		A4E40F8118F5BD8F002E63E9 /* pipe_top@2x.png in Resources */ = {isa = PBXBuildFile; fileRef = A4E40F6318F5BD8F002E63E9 /* pipe_top@2x.png */; };
		A4E40F8218F5BD8F002E63E9 /* pipe_bottom@2x.png in Resources */ = {isa = PBXBuildFile; fileRef = A4E40F6418F5BD8F002E63E9 /* pipe_bottom@2x.png */; };
		A4E40F8918F5BE7A002E63E9 /* Score.m in Sources */ = {isa = PBXBuildFile; fileRef = A4E40F8818F5BE7A002E63E9 /* Score.m */; };
		A4E40F9118F5C224002E63E9 /* back1@2x.png in Resources */ = {isa = PBXBuildFile; fileRef = A4E40F9018F5C224002E63E9 /* back1@2x.png */; };
		E653BA7D18F865C500BDCE89 /* Default-568h@2x.png in Resources */ = {isa = PBXBuildFile; fileRef = E653BA7C18F865C500BDCE89 /* Default-568h@2x.png */; };
/* End PBXBuildFile section */

/* Begin PBXContainerItemProxy section */
		A4E40F2A18F5B94A002E63E9 /* PBXContainerItemProxy */ = {
			isa = PBXContainerItemProxy;
			containerPortal = A4E40EF218F5B94A002E63E9 /* Project object */;
			proxyType = 1;
			remoteGlobalIDString = A4E40EF918F5B94A002E63E9;
			remoteInfo = dragonscave;
		};
/* End PBXContainerItemProxy section */

/* Begin PBXFileReference section */
		1092F38918FDBDBD0019DFC2 /* AVFoundation.framework */ = {isa = PBXFileReference; lastKnownFileType = wrapper.framework; name = AVFoundation.framework; path = System/Library/Frameworks/AVFoundation.framework; sourceTree = SDKROOT; };
		1092F38D18FDC6C30019DFC2 /* risada.m4a */ = {isa = PBXFileReference; lastKnownFileType = file; path = risada.m4a; sourceTree = "<group>"; };
		A47A873818F8693000AA2467 /* bat4.png */ = {isa = PBXFileReference; lastKnownFileType = image.png; path = bat4.png; sourceTree = "<group>"; };
		A47A873918F8693000AA2467 /* bat3.png */ = {isa = PBXFileReference; lastKnownFileType = image.png; path = bat3.png; sourceTree = "<group>"; };
		A47A873A18F8693000AA2467 /* bat2.png */ = {isa = PBXFileReference; lastKnownFileType = image.png; path = bat2.png; sourceTree = "<group>"; };
		A47A873B18F8693000AA2467 /* bat1.png */ = {isa = PBXFileReference; lastKnownFileType = image.png; path = bat1.png; sourceTree = "<group>"; };
		A4E40EFA18F5B94A002E63E9 /* dragonscave.app */ = {isa = PBXFileReference; explicitFileType = wrapper.application; includeInIndex = 0; path = dragonscave.app; sourceTree = BUILT_PRODUCTS_DIR; };
		A4E40EFD18F5B94A002E63E9 /* Foundation.framework */ = {isa = PBXFileReference; lastKnownFileType = wrapper.framework; name = Foundation.framework; path = System/Library/Frameworks/Foundation.framework; sourceTree = SDKROOT; };
		A4E40EFF18F5B94A002E63E9 /* CoreGraphics.framework */ = {isa = PBXFileReference; lastKnownFileType = wrapper.framework; name = CoreGraphics.framework; path = System/Library/Frameworks/CoreGraphics.framework; sourceTree = SDKROOT; };
		A4E40F0118F5B94A002E63E9 /* UIKit.framework */ = {isa = PBXFileReference; lastKnownFileType = wrapper.framework; name = UIKit.framework; path = System/Library/Frameworks/UIKit.framework; sourceTree = SDKROOT; };
		A4E40F0318F5B94A002E63E9 /* SpriteKit.framework */ = {isa = PBXFileReference; lastKnownFileType = wrapper.framework; name = SpriteKit.framework; path = System/Library/Frameworks/SpriteKit.framework; sourceTree = SDKROOT; };
		A4E40F0718F5B94A002E63E9 /* dragonscave-Info.plist */ = {isa = PBXFileReference; lastKnownFileType = text.plist.xml; path = "dragonscave-Info.plist"; sourceTree = "<group>"; };
		A4E40F0918F5B94A002E63E9 /* en */ = {isa = PBXFileReference; lastKnownFileType = text.plist.strings; name = en; path = en.lproj/InfoPlist.strings; sourceTree = "<group>"; };
		A4E40F0B18F5B94A002E63E9 /* main.m */ = {isa = PBXFileReference; lastKnownFileType = sourcecode.c.objc; path = main.m; sourceTree = "<group>"; };
		A4E40F0D18F5B94A002E63E9 /* dragonscave-Prefix.pch */ = {isa = PBXFileReference; lastKnownFileType = sourcecode.c.h; path = "dragonscave-Prefix.pch"; sourceTree = "<group>"; };
		A4E40F0E18F5B94A002E63E9 /* AppDelegate.h */ = {isa = PBXFileReference; lastKnownFileType = sourcecode.c.h; path = AppDelegate.h; sourceTree = "<group>"; };
		A4E40F0F18F5B94A002E63E9 /* AppDelegate.m */ = {isa = PBXFileReference; lastKnownFileType = sourcecode.c.objc; path = AppDelegate.m; sourceTree = "<group>"; };
		A4E40F1218F5B94A002E63E9 /* Base */ = {isa = PBXFileReference; lastKnownFileType = file.storyboard; name = Base; path = Base.lproj/Main_iPhone.storyboard; sourceTree = "<group>"; };
		A4E40F1518F5B94A002E63E9 /* Base */ = {isa = PBXFileReference; lastKnownFileType = file.storyboard; name = Base; path = Base.lproj/Main_iPad.storyboard; sourceTree = "<group>"; };
		A4E40F1718F5B94A002E63E9 /* ViewController.h */ = {isa = PBXFileReference; lastKnownFileType = sourcecode.c.h; path = ViewController.h; sourceTree = "<group>"; };
		A4E40F1818F5B94A002E63E9 /* ViewController.m */ = {isa = PBXFileReference; lastKnownFileType = sourcecode.c.objc; path = ViewController.m; sourceTree = "<group>"; };
		A4E40F1A18F5B94A002E63E9 /* Scene.h */ = {isa = PBXFileReference; lastKnownFileType = sourcecode.c.h; path = Scene.h; sourceTree = "<group>"; };
		A4E40F1B18F5B94A002E63E9 /* Scene.m */ = {isa = PBXFileReference; lastKnownFileType = sourcecode.c.objc; path = Scene.m; sourceTree = "<group>"; };
		A4E40F1F18F5B94A002E63E9 /* Images.xcassets */ = {isa = PBXFileReference; lastKnownFileType = folder.assetcatalog; path = Images.xcassets; sourceTree = "<group>"; };
		A4E40F2518F5B94A002E63E9 /* dragonscaveTests.xctest */ = {isa = PBXFileReference; explicitFileType = wrapper.cfbundle; includeInIndex = 0; path = dragonscaveTests.xctest; sourceTree = BUILT_PRODUCTS_DIR; };
		A4E40F2618F5B94A002E63E9 /* XCTest.framework */ = {isa = PBXFileReference; lastKnownFileType = wrapper.framework; name = XCTest.framework; path = Library/Frameworks/XCTest.framework; sourceTree = DEVELOPER_DIR; };
		A4E40F2E18F5B94A002E63E9 /* dragonscaveTests-Info.plist */ = {isa = PBXFileReference; lastKnownFileType = text.plist.xml; path = "dragonscaveTests-Info.plist"; sourceTree = "<group>"; };
		A4E40F3018F5B94A002E63E9 /* en */ = {isa = PBXFileReference; lastKnownFileType = text.plist.strings; name = en; path = en.lproj/InfoPlist.strings; sourceTree = "<group>"; };
		A4E40F3218F5B94A002E63E9 /* dragonscaveTests.m */ = {isa = PBXFileReference; lastKnownFileType = sourcecode.c.objc; path = dragonscaveTests.m; sourceTree = "<group>"; };
		A4E40F3C18F5BAD4002E63E9 /* SKScrollingNode.h */ = {isa = PBXFileReference; fileEncoding = 4; lastKnownFileType = sourcecode.c.h; path = SKScrollingNode.h; sourceTree = "<group>"; };
		A4E40F3D18F5BAD4002E63E9 /* SKScrollingNode.m */ = {isa = PBXFileReference; fileEncoding = 4; lastKnownFileType = sourcecode.c.objc; path = SKScrollingNode.m; sourceTree = "<group>"; };
		A4E40F3E18F5BAD4002E63E9 /* DragonNode.h */ = {isa = PBXFileReference; fileEncoding = 4; lastKnownFileType = sourcecode.c.h; path = DragonNode.h; sourceTree = "<group>"; };
		A4E40F3F18F5BAD4002E63E9 /* DragonNode.m */ = {isa = PBXFileReference; fileEncoding = 4; lastKnownFileType = sourcecode.c.objc; path = DragonNode.m; sourceTree = "<group>"; };
		A4E40F4218F5BAE5002E63E9 /* Math.h */ = {isa = PBXFileReference; fileEncoding = 4; lastKnownFileType = sourcecode.c.h; path = Math.h; sourceTree = "<group>"; };
		A4E40F4318F5BAE5002E63E9 /* Math.m */ = {isa = PBXFileReference; fileEncoding = 4; lastKnownFileType = sourcecode.c.objc; path = Math.m; sourceTree = "<group>"; };
		A4E40F4718F5BD8F002E63E9 /* medal_silver@2x.png */ = {isa = PBXFileReference; lastKnownFileType = image.png; path = "medal_silver@2x.png"; sourceTree = "<group>"; };
		A4E40F4818F5BD8F002E63E9 /* medal_gold@2x.png */ = {isa = PBXFileReference; lastKnownFileType = image.png; path = "medal_gold@2x.png"; sourceTree = "<group>"; };
		A4E40F4918F5BD8F002E63E9 /* medal_bronze@2x.png */ = {isa = PBXFileReference; lastKnownFileType = image.png; path = "medal_bronze@2x.png"; sourceTree = "<group>"; };
		A4E40F4A18F5BD8F002E63E9 /* cave2@2x.png */ = {isa = PBXFileReference; lastKnownFileType = image.png; path = "cave2@2x.png"; sourceTree = "<group>"; };
		A4E40F4E18F5BD8F002E63E9 /* back@2x.png */ = {isa = PBXFileReference; lastKnownFileType = image.png; path = "back@2x.png"; sourceTree = "<group>"; };
		A4E40F5018F5BD8F002E63E9 /* medal_plate@2x.png */ = {isa = PBXFileReference; lastKnownFileType = image.png; path = "medal_plate@2x.png"; sourceTree = "<group>"; };
		A4E40F5118F5BD8F002E63E9 /* game_over@2x.png */ = {isa = PBXFileReference; lastKnownFileType = image.png; path = "game_over@2x.png"; sourceTree = "<group>"; };
		A4E40F5218F5BD8F002E63E9 /* fogo2@2x.png */ = {isa = PBXFileReference; lastKnownFileType = image.png; path = "fogo2@2x.png"; sourceTree = "<group>"; };
		A4E40F5318F5BD8F002E63E9 /* medal_platinum@2x.png */ = {isa = PBXFileReference; lastKnownFileType = image.png; path = "medal_platinum@2x.png"; sourceTree = "<group>"; };
		A4E40F5418F5BD8F002E63E9 /* taptap@2x.png */ = {isa = PBXFileReference; lastKnownFileType = image.png; path = "taptap@2x.png"; sourceTree = "<group>"; };
		A4E40F5518F5BD8F002E63E9 /* get_ready@2x.png */ = {isa = PBXFileReference; lastKnownFileType = image.png; path = "get_ready@2x.png"; sourceTree = "<group>"; };
		A4E40F5618F5BD8F002E63E9 /* floor4@2x.png */ = {isa = PBXFileReference; lastKnownFileType = image.png; path = "floor4@2x.png"; sourceTree = "<group>"; };
		A4E40F5718F5BD8F002E63E9 /* floor2.png */ = {isa = PBXFileReference; lastKnownFileType = image.png; path = floor2.png; sourceTree = "<group>"; };
		A4E40F5818F5BD8F002E63E9 /* dragon_1.png */ = {isa = PBXFileReference; lastKnownFileType = image.png; path = dragon_1.png; sourceTree = "<group>"; };
		A4E40F5918F5BD8F002E63E9 /* dragon_2.png */ = {isa = PBXFileReference; lastKnownFileType = image.png; path = dragon_2.png; sourceTree = "<group>"; };
		A4E40F5A18F5BD8F002E63E9 /* dragon_3.png */ = {isa = PBXFileReference; lastKnownFileType = image.png; path = dragon_3.png; sourceTree = "<group>"; };
		A4E40F5B18F5BD8F002E63E9 /* dragao1.png */ = {isa = PBXFileReference; lastKnownFileType = image.png; path = dragao1.png; sourceTree = "<group>"; };
		A4E40F5C18F5BD8F002E63E9 /* dragao2.png */ = {isa = PBXFileReference; lastKnownFileType = image.png; path = dragao2.png; sourceTree = "<group>"; };
		A4E40F5D18F5BD8F002E63E9 /* dragao3.png */ = {isa = PBXFileReference; lastKnownFileType = image.png; path = dragao3.png; sourceTree = "<group>"; };
		A4E40F5E18F5BD8F002E63E9 /* dragao_icon.png */ = {isa = PBXFileReference; lastKnownFileType = image.png; path = dragao_icon.png; sourceTree = "<group>"; };
		A4E40F5F18F5BD8F002E63E9 /* floor@2x.png */ = {isa = PBXFileReference; lastKnownFileType = image.png; path = "floor@2x.png"; sourceTree = "<group>"; };
		A4E40F6018F5BD8F002E63E9 /* dragon3.png */ = {isa = PBXFileReference; lastKnownFileType = image.png; path = dragon3.png; sourceTree = "<group>"; };
		A4E40F6118F5BD8F002E63E9 /* dragon2.png */ = {isa = PBXFileReference; lastKnownFileType = image.png; path = dragon2.png; sourceTree = "<group>"; };
		A4E40F6218F5BD8F002E63E9 /* dragon.png */ = {isa = PBXFileReference; lastKnownFileType = image.png; path = dragon.png; sourceTree = "<group>"; };
		A4E40F6318F5BD8F002E63E9 /* pipe_top@2x.png */ = {isa = PBXFileReference; lastKnownFileType = image.png; path = "pipe_top@2x.png"; sourceTree = "<group>"; };
		A4E40F6418F5BD8F002E63E9 /* pipe_bottom@2x.png */ = {isa = PBXFileReference; lastKnownFileType = image.png; path = "pipe_bottom@2x.png"; sourceTree = "<group>"; };
		A4E40F8418F5BE4F002E63E9 /* Macros.h */ = {isa = PBXFileReference; lastKnownFileType = sourcecode.c.h; path = Macros.h; sourceTree = "<group>"; };
		A4E40F8518F5BE4F002E63E9 /* Constants.h */ = {isa = PBXFileReference; lastKnownFileType = sourcecode.c.h; path = Constants.h; sourceTree = "<group>"; };
		A4E40F8718F5BE7A002E63E9 /* Score.h */ = {isa = PBXFileReference; fileEncoding = 4; lastKnownFileType = sourcecode.c.h; path = Score.h; sourceTree = "<group>"; };
		A4E40F8818F5BE7A002E63E9 /* Score.m */ = {isa = PBXFileReference; fileEncoding = 4; lastKnownFileType = sourcecode.c.objc; path = Score.m; sourceTree = "<group>"; };
		A4E40F9018F5C224002E63E9 /* back1@2x.png */ = {isa = PBXFileReference; lastKnownFileType = image.png; path = "back1@2x.png"; sourceTree = "<group>"; };
		E653BA7C18F865C500BDCE89 /* Default-568h@2x.png */ = {isa = PBXFileReference; lastKnownFileType = image.png; path = "Default-568h@2x.png"; sourceTree = "<group>"; };
/* End PBXFileReference section */

/* Begin PBXFrameworksBuildPhase section */
		A4E40EF718F5B94A002E63E9 /* Frameworks */ = {
			isa = PBXFrameworksBuildPhase;
			buildActionMask = 2147483647;
			files = (
				1092F38A18FDBDBD0019DFC2 /* AVFoundation.framework in Frameworks */,
				A4E40F0018F5B94A002E63E9 /* CoreGraphics.framework in Frameworks */,
				A4E40F0218F5B94A002E63E9 /* UIKit.framework in Frameworks */,
				A4E40F0418F5B94A002E63E9 /* SpriteKit.framework in Frameworks */,
				A4E40EFE18F5B94A002E63E9 /* Foundation.framework in Frameworks */,
			);
			runOnlyForDeploymentPostprocessing = 0;
		};
		A4E40F2218F5B94A002E63E9 /* Frameworks */ = {
			isa = PBXFrameworksBuildPhase;
			buildActionMask = 2147483647;
			files = (
				A4E40F2718F5B94A002E63E9 /* XCTest.framework in Frameworks */,
				A4E40F2918F5B94A002E63E9 /* UIKit.framework in Frameworks */,
				A4E40F2818F5B94A002E63E9 /* Foundation.framework in Frameworks */,
			);
			runOnlyForDeploymentPostprocessing = 0;
		};
/* End PBXFrameworksBuildPhase section */

/* Begin PBXGroup section */
		A4E40EF118F5B94A002E63E9 = {
			isa = PBXGroup;
			children = (
				E653BA7C18F865C500BDCE89 /* Default-568h@2x.png */,
				A4E40F0518F5B94A002E63E9 /* dragonscave */,
				A4E40F2C18F5B94A002E63E9 /* dragonscaveTests */,
				A4E40EFC18F5B94A002E63E9 /* Frameworks */,
				A4E40EFB18F5B94A002E63E9 /* Products */,
			);
			sourceTree = "<group>";
		};
		A4E40EFB18F5B94A002E63E9 /* Products */ = {
			isa = PBXGroup;
			children = (
				A4E40EFA18F5B94A002E63E9 /* dragonscave.app */,
				A4E40F2518F5B94A002E63E9 /* dragonscaveTests.xctest */,
			);
			name = Products;
			sourceTree = "<group>";
		};
		A4E40EFC18F5B94A002E63E9 /* Frameworks */ = {
			isa = PBXGroup;
			children = (
				1092F38918FDBDBD0019DFC2 /* AVFoundation.framework */,
				A4E40EFD18F5B94A002E63E9 /* Foundation.framework */,
				A4E40EFF18F5B94A002E63E9 /* CoreGraphics.framework */,
				A4E40F0118F5B94A002E63E9 /* UIKit.framework */,
				A4E40F0318F5B94A002E63E9 /* SpriteKit.framework */,
				A4E40F2618F5B94A002E63E9 /* XCTest.framework */,
			);
			name = Frameworks;
			sourceTree = "<group>";
		};
		A4E40F0518F5B94A002E63E9 /* dragonscave */ = {
			isa = PBXGroup;
			children = (
				A4E40F8318F5BDF7002E63E9 /* Classes */,
				A4E40F8E18F5BF19002E63E9 /* Resources */,
				A4E40F0618F5B94A002E63E9 /* Supporting Files */,
			);
			path = dragonscave;
			sourceTree = "<group>";
		};
		A4E40F0618F5B94A002E63E9 /* Supporting Files */ = {
			isa = PBXGroup;
			children = (
				A4E40F0718F5B94A002E63E9 /* dragonscave-Info.plist */,
				A4E40F0818F5B94A002E63E9 /* InfoPlist.strings */,
				A4E40F0B18F5B94A002E63E9 /* main.m */,
				A4E40F0D18F5B94A002E63E9 /* dragonscave-Prefix.pch */,
			);
			name = "Supporting Files";
			sourceTree = "<group>";
		};
		A4E40F2C18F5B94A002E63E9 /* dragonscaveTests */ = {
			isa = PBXGroup;
			children = (
				A4E40F3218F5B94A002E63E9 /* dragonscaveTests.m */,
				A4E40F2D18F5B94A002E63E9 /* Supporting Files */,
			);
			path = dragonscaveTests;
			sourceTree = "<group>";
		};
		A4E40F2D18F5B94A002E63E9 /* Supporting Files */ = {
			isa = PBXGroup;
			children = (
				A4E40F2E18F5B94A002E63E9 /* dragonscaveTests-Info.plist */,
				A4E40F2F18F5B94A002E63E9 /* InfoPlist.strings */,
			);
			name = "Supporting Files";
			sourceTree = "<group>";
		};
		A4E40F8318F5BDF7002E63E9 /* Classes */ = {
			isa = PBXGroup;
			children = (
				A4E40F0E18F5B94A002E63E9 /* AppDelegate.h */,
				A4E40F0F18F5B94A002E63E9 /* AppDelegate.m */,
				A4E40F8418F5BE4F002E63E9 /* Macros.h */,
				A4E40F8518F5BE4F002E63E9 /* Constants.h */,
				A4E40F8618F5BE64002E63E9 /* Models */,
				A4E40F8A18F5BE7F002E63E9 /* Controllers */,
				A4E40F8B18F5BEAA002E63E9 /* Scenes */,
				A4E40F8D18F5BEE2002E63E9 /* Helpers */,
			);
			name = Classes;
			sourceTree = "<group>";
		};
		A4E40F8618F5BE64002E63E9 /* Models */ = {
			isa = PBXGroup;
			children = (
				A4E40F8718F5BE7A002E63E9 /* Score.h */,
				A4E40F8818F5BE7A002E63E9 /* Score.m */,
			);
			name = Models;
			sourceTree = "<group>";
		};
		A4E40F8A18F5BE7F002E63E9 /* Controllers */ = {
			isa = PBXGroup;
			children = (
				A4E40F1718F5B94A002E63E9 /* ViewController.h */,
				A4E40F1818F5B94A002E63E9 /* ViewController.m */,
			);
			name = Controllers;
			sourceTree = "<group>";
		};
		A4E40F8B18F5BEAA002E63E9 /* Scenes */ = {
			isa = PBXGroup;
			children = (
				A4E40F1A18F5B94A002E63E9 /* Scene.h */,
				A4E40F1B18F5B94A002E63E9 /* Scene.m */,
				A4E40F8C18F5BEC4002E63E9 /* Nodes */,
			);
			name = Scenes;
			sourceTree = "<group>";
		};
		A4E40F8C18F5BEC4002E63E9 /* Nodes */ = {
			isa = PBXGroup;
			children = (
				A4E40F3C18F5BAD4002E63E9 /* SKScrollingNode.h */,
				A4E40F3D18F5BAD4002E63E9 /* SKScrollingNode.m */,
				A4E40F3E18F5BAD4002E63E9 /* DragonNode.h */,
				A4E40F3F18F5BAD4002E63E9 /* DragonNode.m */,
			);
			name = Nodes;
			sourceTree = "<group>";
		};
		A4E40F8D18F5BEE2002E63E9 /* Helpers */ = {
			isa = PBXGroup;
			children = (
				A4E40F4218F5BAE5002E63E9 /* Math.h */,
				A4E40F4318F5BAE5002E63E9 /* Math.m */,
			);
			name = Helpers;
			sourceTree = "<group>";
		};
		A4E40F8E18F5BF19002E63E9 /* Resources */ = {
			isa = PBXGroup;
			children = (
				1092F38D18FDC6C30019DFC2 /* risada.m4a */,
				A4E40F1118F5B94A002E63E9 /* Main_iPhone.storyboard */,
				A4E40F1418F5B94A002E63E9 /* Main_iPad.storyboard */,
				A4E40F8F18F5BF46002E63E9 /* Images */,
			);
			name = Resources;
			sourceTree = "<group>";
		};
		A4E40F8F18F5BF46002E63E9 /* Images */ = {
			isa = PBXGroup;
			children = (
				A4E40F4718F5BD8F002E63E9 /* medal_silver@2x.png */,
				A4E40F4818F5BD8F002E63E9 /* medal_gold@2x.png */,
				A4E40F4918F5BD8F002E63E9 /* medal_bronze@2x.png */,
				A4E40F4A18F5BD8F002E63E9 /* cave2@2x.png */,
				A4E40F4E18F5BD8F002E63E9 /* back@2x.png */,
				A4E40F9018F5C224002E63E9 /* back1@2x.png */,
				A4E40F5018F5BD8F002E63E9 /* medal_plate@2x.png */,
				A4E40F5118F5BD8F002E63E9 /* game_over@2x.png */,
				A4E40F5218F5BD8F002E63E9 /* fogo2@2x.png */,
				A4E40F5318F5BD8F002E63E9 /* medal_platinum@2x.png */,
				A4E40F5418F5BD8F002E63E9 /* taptap@2x.png */,
				A4E40F5518F5BD8F002E63E9 /* get_ready@2x.png */,
				A4E40F5618F5BD8F002E63E9 /* floor4@2x.png */,
				A4E40F5718F5BD8F002E63E9 /* floor2.png */,
				A47A873818F8693000AA2467 /* bat4.png */,
				A47A873918F8693000AA2467 /* bat3.png */,
				A47A873A18F8693000AA2467 /* bat2.png */,
				A47A873B18F8693000AA2467 /* bat1.png */,
				A4E40F5818F5BD8F002E63E9 /* dragon_1.png */,
				A4E40F5918F5BD8F002E63E9 /* dragon_2.png */,
				A4E40F5A18F5BD8F002E63E9 /* dragon_3.png */,
				A4E40F5B18F5BD8F002E63E9 /* dragao1.png */,
				A4E40F5C18F5BD8F002E63E9 /* dragao2.png */,
				A4E40F5D18F5BD8F002E63E9 /* dragao3.png */,
				A4E40F5E18F5BD8F002E63E9 /* dragao_icon.png */,
				A4E40F5F18F5BD8F002E63E9 /* floor@2x.png */,
				A4E40F6018F5BD8F002E63E9 /* dragon3.png */,
				A4E40F6118F5BD8F002E63E9 /* dragon2.png */,
				A4E40F6218F5BD8F002E63E9 /* dragon.png */,
				A4E40F6318F5BD8F002E63E9 /* pipe_top@2x.png */,
				A4E40F6418F5BD8F002E63E9 /* pipe_bottom@2x.png */,
				A4E40F1F18F5B94A002E63E9 /* Images.xcassets */,
			);
			name = Images;
			sourceTree = "<group>";
		};
/* End PBXGroup section */

/* Begin PBXNativeTarget section */
		A4E40EF918F5B94A002E63E9 /* dragonscave */ = {
			isa = PBXNativeTarget;
			buildConfigurationList = A4E40F3618F5B94A002E63E9 /* Build configuration list for PBXNativeTarget "dragonscave" */;
			buildPhases = (
				A4E40EF618F5B94A002E63E9 /* Sources */,
				A4E40EF718F5B94A002E63E9 /* Frameworks */,
				A4E40EF818F5B94A002E63E9 /* Resources */,
			);
			buildRules = (
			);
			dependencies = (
			);
			name = dragonscave;
			productName = dragonscave;
			productReference = A4E40EFA18F5B94A002E63E9 /* dragonscave.app */;
			productType = "com.apple.product-type.application";
		};
		A4E40F2418F5B94A002E63E9 /* dragonscaveTests */ = {
			isa = PBXNativeTarget;
			buildConfigurationList = A4E40F3918F5B94A002E63E9 /* Build configuration list for PBXNativeTarget "dragonscaveTests" */;
			buildPhases = (
				A4E40F2118F5B94A002E63E9 /* Sources */,
				A4E40F2218F5B94A002E63E9 /* Frameworks */,
				A4E40F2318F5B94A002E63E9 /* Resources */,
			);
			buildRules = (
			);
			dependencies = (
				A4E40F2B18F5B94A002E63E9 /* PBXTargetDependency */,
			);
			name = dragonscaveTests;
			productName = dragonscaveTests;
			productReference = A4E40F2518F5B94A002E63E9 /* dragonscaveTests.xctest */;
			productType = "com.apple.product-type.bundle.unit-test";
		};
/* End PBXNativeTarget section */

/* Begin PBXProject section */
		A4E40EF218F5B94A002E63E9 /* Project object */ = {
			isa = PBXProject;
			attributes = {
				LastUpgradeCheck = 0510;
				ORGANIZATIONNAME = "Luiz Fernando Ramos Cardozo";
				TargetAttributes = {
					A4E40F2418F5B94A002E63E9 = {
						TestTargetID = A4E40EF918F5B94A002E63E9;
					};
				};
			};
			buildConfigurationList = A4E40EF518F5B94A002E63E9 /* Build configuration list for PBXProject "dragonscave" */;
			compatibilityVersion = "Xcode 3.2";
			developmentRegion = English;
			hasScannedForEncodings = 0;
			knownRegions = (
				en,
				Base,
			);
			mainGroup = A4E40EF118F5B94A002E63E9;
			productRefGroup = A4E40EFB18F5B94A002E63E9 /* Products */;
			projectDirPath = "";
			projectRoot = "";
			targets = (
				A4E40EF918F5B94A002E63E9 /* dragonscave */,
				A4E40F2418F5B94A002E63E9 /* dragonscaveTests */,
			);
		};
/* End PBXProject section */

/* Begin PBXResourcesBuildPhase section */
		A4E40EF818F5B94A002E63E9 /* Resources */ = {
			isa = PBXResourcesBuildPhase;
			buildActionMask = 2147483647;
			files = (
				E653BA7D18F865C500BDCE89 /* Default-568h@2x.png in Resources */,
				A4E40F7118F5BD8F002E63E9 /* medal_platinum@2x.png in Resources */,
				A4E40F8118F5BD8F002E63E9 /* pipe_top@2x.png in Resources */,
				A4E40F2018F5B94A002E63E9 /* Images.xcassets in Resources */,
				A4E40F6818F5BD8F002E63E9 /* cave2@2x.png in Resources */,
				A4E40F8018F5BD8F002E63E9 /* dragon.png in Resources */,
				A4E40F6C18F5BD8F002E63E9 /* back@2x.png in Resources */,
				A4E40F6F18F5BD8F002E63E9 /* game_over@2x.png in Resources */,
				A4E40F7A18F5BD8F002E63E9 /* dragao2.png in Resources */,
				A4E40F6518F5BD8F002E63E9 /* medal_silver@2x.png in Resources */,
				A4E40F7518F5BD8F002E63E9 /* floor2.png in Resources */,
				A4E40F7918F5BD8F002E63E9 /* dragao1.png in Resources */,
				A47A873D18F8693000AA2467 /* bat3.png in Resources */,
				A4E40F7E18F5BD8F002E63E9 /* dragon3.png in Resources */,
				A47A873C18F8693000AA2467 /* bat4.png in Resources */,
				A4E40F7618F5BD8F002E63E9 /* dragon_1.png in Resources */,
				A4E40F6E18F5BD8F002E63E9 /* medal_plate@2x.png in Resources */,
				A4E40F7D18F5BD8F002E63E9 /* floor@2x.png in Resources */,
				A4E40F9118F5C224002E63E9 /* back1@2x.png in Resources */,
				A47A873E18F8693000AA2467 /* bat2.png in Resources */,
				A4E40F7718F5BD8F002E63E9 /* dragon_2.png in Resources */,
				A4E40F7018F5BD8F002E63E9 /* fogo2@2x.png in Resources */,
				A4E40F8218F5BD8F002E63E9 /* pipe_bottom@2x.png in Resources */,
				A4E40F7318F5BD8F002E63E9 /* get_ready@2x.png in Resources */,
				A4E40F7218F5BD8F002E63E9 /* taptap@2x.png in Resources */,
				A4E40F7B18F5BD8F002E63E9 /* dragao3.png in Resources */,
				A4E40F7418F5BD8F002E63E9 /* floor4@2x.png in Resources */,
				A4E40F1618F5B94A002E63E9 /* Main_iPad.storyboard in Resources */,
				A4E40F7818F5BD8F002E63E9 /* dragon_3.png in Resources */,
				A4E40F1318F5B94A002E63E9 /* Main_iPhone.storyboard in Resources */,
				1092F38E18FDC6C30019DFC2 /* risada.m4a in Resources */,
				A4E40F6618F5BD8F002E63E9 /* medal_gold@2x.png in Resources */,
				A4E40F7C18F5BD8F002E63E9 /* dragao_icon.png in Resources */,
				A4E40F7F18F5BD8F002E63E9 /* dragon2.png in Resources */,
				A4E40F0A18F5B94A002E63E9 /* InfoPlist.strings in Resources */,
				A47A873F18F8693000AA2467 /* bat1.png in Resources */,
				A4E40F6718F5BD8F002E63E9 /* medal_bronze@2x.png in Resources */,
			);
			runOnlyForDeploymentPostprocessing = 0;
		};
		A4E40F2318F5B94A002E63E9 /* Resources */ = {
			isa = PBXResourcesBuildPhase;
			buildActionMask = 2147483647;
			files = (
				A4E40F3118F5B94A002E63E9 /* InfoPlist.strings in Resources */,
			);
			runOnlyForDeploymentPostprocessing = 0;
		};
/* End PBXResourcesBuildPhase section */

/* Begin PBXSourcesBuildPhase section */
		A4E40EF618F5B94A002E63E9 /* Sources */ = {
			isa = PBXSourcesBuildPhase;
			buildActionMask = 2147483647;
			files = (
				A4E40F4118F5BAD4002E63E9 /* DragonNode.m in Sources */,
				A4E40F1C18F5B94A002E63E9 /* Scene.m in Sources */,
				A4E40F4418F5BAE5002E63E9 /* Math.m in Sources */,
				A4E40F4018F5BAD4002E63E9 /* SKScrollingNode.m in Sources */,
				A4E40F1918F5B94A002E63E9 /* ViewController.m in Sources */,
				A4E40F1018F5B94A002E63E9 /* AppDelegate.m in Sources */,
				A4E40F8918F5BE7A002E63E9 /* Score.m in Sources */,
				A4E40F0C18F5B94A002E63E9 /* main.m in Sources */,
			);
			runOnlyForDeploymentPostprocessing = 0;
		};
		A4E40F2118F5B94A002E63E9 /* Sources */ = {
			isa = PBXSourcesBuildPhase;
			buildActionMask = 2147483647;
			files = (
				A4E40F3318F5B94A002E63E9 /* dragonscaveTests.m in Sources */,
			);
			runOnlyForDeploymentPostprocessing = 0;
		};
/* End PBXSourcesBuildPhase section */

/* Begin PBXTargetDependency section */
		A4E40F2B18F5B94A002E63E9 /* PBXTargetDependency */ = {
			isa = PBXTargetDependency;
			target = A4E40EF918F5B94A002E63E9 /* dragonscave */;
			targetProxy = A4E40F2A18F5B94A002E63E9 /* PBXContainerItemProxy */;
		};
/* End PBXTargetDependency section */

/* Begin PBXVariantGroup section */
		A4E40F0818F5B94A002E63E9 /* InfoPlist.strings */ = {
			isa = PBXVariantGroup;
			children = (
				A4E40F0918F5B94A002E63E9 /* en */,
			);
			name = InfoPlist.strings;
			sourceTree = "<group>";
		};
		A4E40F1118F5B94A002E63E9 /* Main_iPhone.storyboard */ = {
			isa = PBXVariantGroup;
			children = (
				A4E40F1218F5B94A002E63E9 /* Base */,
			);
			name = Main_iPhone.storyboard;
			sourceTree = "<group>";
		};
		A4E40F1418F5B94A002E63E9 /* Main_iPad.storyboard */ = {
			isa = PBXVariantGroup;
			children = (
				A4E40F1518F5B94A002E63E9 /* Base */,
			);
			name = Main_iPad.storyboard;
			sourceTree = "<group>";
		};
		A4E40F2F18F5B94A002E63E9 /* InfoPlist.strings */ = {
			isa = PBXVariantGroup;
			children = (
				A4E40F3018F5B94A002E63E9 /* en */,
			);
			name = InfoPlist.strings;
			sourceTree = "<group>";
		};
/* End PBXVariantGroup section */

/* Begin XCBuildConfiguration section */
		A4E40F3418F5B94A002E63E9 /* Debug */ = {
			isa = XCBuildConfiguration;
			buildSettings = {
				ALWAYS_SEARCH_USER_PATHS = NO;
				CLANG_CXX_LANGUAGE_STANDARD = "gnu++0x";
				CLANG_CXX_LIBRARY = "libc++";
				CLANG_ENABLE_MODULES = YES;
				CLANG_ENABLE_OBJC_ARC = YES;
				CLANG_WARN_BOOL_CONVERSION = YES;
				CLANG_WARN_CONSTANT_CONVERSION = YES;
				CLANG_WARN_DIRECT_OBJC_ISA_USAGE = YES_ERROR;
				CLANG_WARN_EMPTY_BODY = YES;
				CLANG_WARN_ENUM_CONVERSION = YES;
				CLANG_WARN_INT_CONVERSION = YES;
				CLANG_WARN_OBJC_ROOT_CLASS = YES_ERROR;
				CLANG_WARN__DUPLICATE_METHOD_MATCH = YES;
				"CODE_SIGN_IDENTITY[sdk=iphoneos*]" = "iPhone Developer";
				COPY_PHASE_STRIP = NO;
				GCC_C_LANGUAGE_STANDARD = gnu99;
				GCC_DYNAMIC_NO_PIC = NO;
				GCC_OPTIMIZATION_LEVEL = 0;
				GCC_PREPROCESSOR_DEFINITIONS = (
					"DEBUG=1",
					"$(inherited)",
				);
				GCC_SYMBOLS_PRIVATE_EXTERN = NO;
				GCC_WARN_64_TO_32_BIT_CONVERSION = YES;
				GCC_WARN_ABOUT_RETURN_TYPE = YES_ERROR;
				GCC_WARN_UNDECLARED_SELECTOR = YES;
				GCC_WARN_UNINITIALIZED_AUTOS = YES_AGGRESSIVE;
				GCC_WARN_UNUSED_FUNCTION = YES;
				GCC_WARN_UNUSED_VARIABLE = YES;
				IPHONEOS_DEPLOYMENT_TARGET = 7.1;
				ONLY_ACTIVE_ARCH = YES;
				SDKROOT = iphoneos;
				TARGETED_DEVICE_FAMILY = "1,2";
			};
			name = Debug;
		};
		A4E40F3518F5B94A002E63E9 /* Release */ = {
			isa = XCBuildConfiguration;
			buildSettings = {
				ALWAYS_SEARCH_USER_PATHS = NO;
				CLANG_CXX_LANGUAGE_STANDARD = "gnu++0x";
				CLANG_CXX_LIBRARY = "libc++";
				CLANG_ENABLE_MODULES = YES;
				CLANG_ENABLE_OBJC_ARC = YES;
				CLANG_WARN_BOOL_CONVERSION = YES;
				CLANG_WARN_CONSTANT_CONVERSION = YES;
				CLANG_WARN_DIRECT_OBJC_ISA_USAGE = YES_ERROR;
				CLANG_WARN_EMPTY_BODY = YES;
				CLANG_WARN_ENUM_CONVERSION = YES;
				CLANG_WARN_INT_CONVERSION = YES;
				CLANG_WARN_OBJC_ROOT_CLASS = YES_ERROR;
				CLANG_WARN__DUPLICATE_METHOD_MATCH = YES;
				"CODE_SIGN_IDENTITY[sdk=iphoneos*]" = "iPhone Developer";
				COPY_PHASE_STRIP = YES;
				ENABLE_NS_ASSERTIONS = NO;
				GCC_C_LANGUAGE_STANDARD = gnu99;
				GCC_WARN_64_TO_32_BIT_CONVERSION = YES;
				GCC_WARN_ABOUT_RETURN_TYPE = YES_ERROR;
				GCC_WARN_UNDECLARED_SELECTOR = YES;
				GCC_WARN_UNINITIALIZED_AUTOS = YES_AGGRESSIVE;
				GCC_WARN_UNUSED_FUNCTION = YES;
				GCC_WARN_UNUSED_VARIABLE = YES;
				IPHONEOS_DEPLOYMENT_TARGET = 7.1;
				SDKROOT = iphoneos;
				TARGETED_DEVICE_FAMILY = "1,2";
				VALIDATE_PRODUCT = YES;
			};
			name = Release;
		};
		A4E40F3718F5B94A002E63E9 /* Debug */ = {
			isa = XCBuildConfiguration;
			buildSettings = {
				ASSETCATALOG_COMPILER_APPICON_NAME = AppIcon;
				FRAMEWORK_SEARCH_PATHS = (
					"$(inherited)",
					"$(PROJECT_DIR)",
				);
				GCC_PRECOMPILE_PREFIX_HEADER = YES;
				GCC_PREFIX_HEADER = "dragonscave/dragonscave-Prefix.pch";
				INFOPLIST_FILE = "dragonscave/dragonscave-Info.plist";
				PRODUCT_NAME = "$(TARGET_NAME)";
				SPRITEKIT_TEXTURE_ATLAS_OUTPUT = YES;
				TARGETED_DEVICE_FAMILY = 1;
				WRAPPER_EXTENSION = app;
			};
			name = Debug;
		};
		A4E40F3818F5B94A002E63E9 /* Release */ = {
			isa = XCBuildConfiguration;
			buildSettings = {
				ASSETCATALOG_COMPILER_APPICON_NAME = AppIcon;
				FRAMEWORK_SEARCH_PATHS = (
					"$(inherited)",
					"$(PROJECT_DIR)",
				);
				GCC_PRECOMPILE_PREFIX_HEADER = YES;
				GCC_PREFIX_HEADER = "dragonscave/dragonscave-Prefix.pch";
				INFOPLIST_FILE = "dragonscave/dragonscave-Info.plist";
				PRODUCT_NAME = "$(TARGET_NAME)";
				SPRITEKIT_TEXTURE_ATLAS_OUTPUT = YES;
				TARGETED_DEVICE_FAMILY = 1;
				WRAPPER_EXTENSION = app;
			};
			name = Release;
		};
		A4E40F3A18F5B94A002E63E9 /* Debug */ = {
			isa = XCBuildConfiguration;
			buildSettings = {
				BUNDLE_LOADER = "$(BUILT_PRODUCTS_DIR)/dragonscave.app/dragonscave";
				FRAMEWORK_SEARCH_PATHS = (
					"$(SDKROOT)/Developer/Library/Frameworks",
					"$(inherited)",
					"$(DEVELOPER_FRAMEWORKS_DIR)",
				);
				GCC_PRECOMPILE_PREFIX_HEADER = YES;
				GCC_PREFIX_HEADER = "dragonscave/dragonscave-Prefix.pch";
				GCC_PREPROCESSOR_DEFINITIONS = (
					"DEBUG=1",
					"$(inherited)",
				);
				INFOPLIST_FILE = "dragonscaveTests/dragonscaveTests-Info.plist";
				PRODUCT_NAME = "$(TARGET_NAME)";
				TEST_HOST = "$(BUNDLE_LOADER)";
				WRAPPER_EXTENSION = xctest;
			};
			name = Debug;
		};
		A4E40F3B18F5B94A002E63E9 /* Release */ = {
			isa = XCBuildConfiguration;
			buildSettings = {
				BUNDLE_LOADER = "$(BUILT_PRODUCTS_DIR)/dragonscave.app/dragonscave";
				FRAMEWORK_SEARCH_PATHS = (
					"$(SDKROOT)/Developer/Library/Frameworks",
					"$(inherited)",
					"$(DEVELOPER_FRAMEWORKS_DIR)",
				);
				GCC_PRECOMPILE_PREFIX_HEADER = YES;
				GCC_PREFIX_HEADER = "dragonscave/dragonscave-Prefix.pch";
				INFOPLIST_FILE = "dragonscaveTests/dragonscaveTests-Info.plist";
				PRODUCT_NAME = "$(TARGET_NAME)";
				TEST_HOST = "$(BUNDLE_LOADER)";
				WRAPPER_EXTENSION = xctest;
			};
			name = Release;
		};
/* End XCBuildConfiguration section */

/* Begin XCConfigurationList section */
		A4E40EF518F5B94A002E63E9 /* Build configuration list for PBXProject "dragonscave" */ = {
			isa = XCConfigurationList;
			buildConfigurations = (
				A4E40F3418F5B94A002E63E9 /* Debug */,
				A4E40F3518F5B94A002E63E9 /* Release */,
			);
			defaultConfigurationIsVisible = 0;
			defaultConfigurationName = Release;
		};
		A4E40F3618F5B94A002E63E9 /* Build configuration list for PBXNativeTarget "dragonscave" */ = {
			isa = XCConfigurationList;
			buildConfigurations = (
				A4E40F3718F5B94A002E63E9 /* Debug */,
				A4E40F3818F5B94A002E63E9 /* Release */,
			);
			defaultConfigurationIsVisible = 0;
			defaultConfigurationName = Release;
		};
		A4E40F3918F5B94A002E63E9 /* Build configuration list for PBXNativeTarget "dragonscaveTests" */ = {
			isa = XCConfigurationList;
			buildConfigurations = (
				A4E40F3A18F5B94A002E63E9 /* Debug */,
				A4E40F3B18F5B94A002E63E9 /* Release */,
			);
			defaultConfigurationIsVisible = 0;
			defaultConfigurationName = Release;
		};
/* End XCConfigurationList section */
	};
	rootObject = A4E40EF218F5B94A002E63E9 /* Project object */;
}
